// !$*UTF8*$!
{
	archiveVersion = 1;
	classes = {
	};
	objectVersion = 55;
	objects = {

/* Begin PBXBuildFile section */
		B3ED898229B8FF1800CE9D5D /* CalendarInfo.swift in Sources */ = {isa = PBXBuildFile; fileRef = B3ED898129B8FF1800CE9D5D /* CalendarInfo.swift */; };
		CF25214D29A69DC900D75D2B /* KuaiApp.swift in Sources */ = {isa = PBXBuildFile; fileRef = CF25214C29A69DC900D75D2B /* KuaiApp.swift */; };
		CF25214F29A69DC900D75D2B /* ContentView.swift in Sources */ = {isa = PBXBuildFile; fileRef = CF25214E29A69DC900D75D2B /* ContentView.swift */; };
		CF25215129A69DCB00D75D2B /* Assets.xcassets in Resources */ = {isa = PBXBuildFile; fileRef = CF25215029A69DCB00D75D2B /* Assets.xcassets */; };
		CF25215429A69DCB00D75D2B /* Preview Assets.xcassets in Resources */ = {isa = PBXBuildFile; fileRef = CF25215329A69DCB00D75D2B /* Preview Assets.xcassets */; };
		CF25215D29AD27E900D75D2B /* HomeView.swift in Sources */ = {isa = PBXBuildFile; fileRef = CF25215C29AD27E900D75D2B /* HomeView.swift */; };
		CF25215F29AD27F800D75D2B /* WeatherView.swift in Sources */ = {isa = PBXBuildFile; fileRef = CF25215E29AD27F800D75D2B /* WeatherView.swift */; };
		CF25216329AD281900D75D2B /* CalendarView.swift in Sources */ = {isa = PBXBuildFile; fileRef = CF25216229AD281900D75D2B /* CalendarView.swift */; };
		CF25216529AD282A00D75D2B /* AlarmView.swift in Sources */ = {isa = PBXBuildFile; fileRef = CF25216429AD282A00D75D2B /* AlarmView.swift */; };
		CF25216729AD283600D75D2B /* SettingsView.swift in Sources */ = {isa = PBXBuildFile; fileRef = CF25216629AD283600D75D2B /* SettingsView.swift */; };
		CF25216929AD2AF800D75D2B /* ConfigView.swift in Sources */ = {isa = PBXBuildFile; fileRef = CF25216829AD2AF800D75D2B /* ConfigView.swift */; };
		CF25216B29B1161A00D75D2B /* WeeklyView.swift in Sources */ = {isa = PBXBuildFile; fileRef = CF25216A29B1161A00D75D2B /* WeeklyView.swift */; };
		CF25216D29B8F78C00D75D2B /* ReminderClasses.swift in Sources */ = {isa = PBXBuildFile; fileRef = CF25216C29B8F78C00D75D2B /* ReminderClasses.swift */; };
		CF25216F29B8FD0800D75D2B /* Enum.swift in Sources */ = {isa = PBXBuildFile; fileRef = CF25216E29B8FD0800D75D2B /* Enum.swift */; };
		CF25217129B8FE9600D75D2B /* MorningSetupView.swift in Sources */ = {isa = PBXBuildFile; fileRef = CF25217029B8FE9600D75D2B /* MorningSetupView.swift */; };
		CF25217329B9782800D75D2B /* MorningSetupAdd.swift in Sources */ = {isa = PBXBuildFile; fileRef = CF25217229B9782800D75D2B /* MorningSetupAdd.swift */; };
		CF25217529BA30E400D75D2B /* EditMode.swift in Sources */ = {isa = PBXBuildFile; fileRef = CF25217429BA30E400D75D2B /* EditMode.swift */; };
		E267507929B6743D002776E7 /* CustomTabBar.swift in Sources */ = {isa = PBXBuildFile; fileRef = E267507829B6743D002776E7 /* CustomTabBar.swift */; };
		E267507C29B675DF002776E7 /* Fonts.swift in Sources */ = {isa = PBXBuildFile; fileRef = E267507B29B675DF002776E7 /* Fonts.swift */; };
/* End PBXBuildFile section */

/* Begin PBXFileReference section */
		CF25214929A69DC900D75D2B /* Kuai.app */ = {isa = PBXFileReference; explicitFileType = wrapper.application; includeInIndex = 0; path = Kuai.app; sourceTree = BUILT_PRODUCTS_DIR; };
		CF25214C29A69DC900D75D2B /* KuaiApp.swift */ = {isa = PBXFileReference; lastKnownFileType = sourcecode.swift; path = KuaiApp.swift; sourceTree = "<group>"; };
		CF25214E29A69DC900D75D2B /* ContentView.swift */ = {isa = PBXFileReference; lastKnownFileType = sourcecode.swift; path = ContentView.swift; sourceTree = "<group>"; };
		CF25215029A69DCB00D75D2B /* Assets.xcassets */ = {isa = PBXFileReference; lastKnownFileType = folder.assetcatalog; path = Assets.xcassets; sourceTree = "<group>"; };
		CF25215329A69DCB00D75D2B /* Preview Assets.xcassets */ = {isa = PBXFileReference; lastKnownFileType = folder.assetcatalog; path = "Preview Assets.xcassets"; sourceTree = "<group>"; };
		CF25215C29AD27E900D75D2B /* HomeView.swift */ = {isa = PBXFileReference; lastKnownFileType = sourcecode.swift; path = HomeView.swift; sourceTree = "<group>"; };
		CF25215E29AD27F800D75D2B /* WeatherView.swift */ = {isa = PBXFileReference; lastKnownFileType = sourcecode.swift; path = WeatherView.swift; sourceTree = "<group>"; };
		CF25216229AD281900D75D2B /* CalendarView.swift */ = {isa = PBXFileReference; lastKnownFileType = sourcecode.swift; path = CalendarView.swift; sourceTree = "<group>"; };
		CF25216429AD282A00D75D2B /* AlarmView.swift */ = {isa = PBXFileReference; lastKnownFileType = sourcecode.swift; path = AlarmView.swift; sourceTree = "<group>"; };
		CF25216629AD283600D75D2B /* SettingsView.swift */ = {isa = PBXFileReference; lastKnownFileType = sourcecode.swift; path = SettingsView.swift; sourceTree = "<group>"; };
		CF25216829AD2AF800D75D2B /* ConfigView.swift */ = {isa = PBXFileReference; lastKnownFileType = sourcecode.swift; path = ConfigView.swift; sourceTree = "<group>"; };
		CF25216A29B1161A00D75D2B /* WeeklyView.swift */ = {isa = PBXFileReference; lastKnownFileType = sourcecode.swift; path = WeeklyView.swift; sourceTree = "<group>"; };
		CF25216C29B8F78C00D75D2B /* ReminderClasses.swift */ = {isa = PBXFileReference; lastKnownFileType = sourcecode.swift; path = ReminderClasses.swift; sourceTree = "<group>"; };
		CF25216E29B8FD0800D75D2B /* Enum.swift */ = {isa = PBXFileReference; lastKnownFileType = sourcecode.swift; path = Enum.swift; sourceTree = "<group>"; };
		CF25217029B8FE9600D75D2B /* MorningSetupView.swift */ = {isa = PBXFileReference; lastKnownFileType = sourcecode.swift; path = MorningSetupView.swift; sourceTree = "<group>"; };
		CF25217229B9782800D75D2B /* MorningSetupAdd.swift */ = {isa = PBXFileReference; lastKnownFileType = sourcecode.swift; path = MorningSetupAdd.swift; sourceTree = "<group>"; };
		CF25217429BA30E400D75D2B /* EditMode.swift */ = {isa = PBXFileReference; lastKnownFileType = sourcecode.swift; path = EditMode.swift; sourceTree = "<group>"; };
		E267507829B6743D002776E7 /* CustomTabBar.swift */ = {isa = PBXFileReference; lastKnownFileType = sourcecode.swift; path = CustomTabBar.swift; sourceTree = "<group>"; };
		E267507B29B675DF002776E7 /* Fonts.swift */ = {isa = PBXFileReference; lastKnownFileType = sourcecode.swift; name = Fonts.swift; path = Kuai/Views/Fonts.swift; sourceTree = SOURCE_ROOT; };
/* End PBXFileReference section */

/* Begin PBXFrameworksBuildPhase section */
		CF25214629A69DC900D75D2B /* Frameworks */ = {
			isa = PBXFrameworksBuildPhase;
			buildActionMask = 2147483647;
			files = (
			);
			runOnlyForDeploymentPostprocessing = 0;
		};
/* End PBXFrameworksBuildPhase section */

/* Begin PBXGroup section */
		CF25214029A69DC900D75D2B = {
			isa = PBXGroup;
			children = (
				CF25214B29A69DC900D75D2B /* Kuai */,
				CF25214A29A69DC900D75D2B /* Products */,
			);
			sourceTree = "<group>";
		};
		CF25214A29A69DC900D75D2B /* Products */ = {
			isa = PBXGroup;
			children = (
				CF25214929A69DC900D75D2B /* Kuai.app */,
			);
			name = Products;
			sourceTree = "<group>";
		};
		CF25214B29A69DC900D75D2B /* Kuai */ = {
			isa = PBXGroup;
			children = (
				E267507A29B675D0002776E7 /* Fonts */,
				CF25215B29AD27B100D75D2B /* Model */,
				CF25215A29AD279C00D75D2B /* Views */,
				CF25214C29A69DC900D75D2B /* KuaiApp.swift */,
				CF25215029A69DCB00D75D2B /* Assets.xcassets */,
				CF25215229A69DCB00D75D2B /* Preview Content */,
			);
			path = Kuai;
			sourceTree = "<group>";
		};
		CF25215229A69DCB00D75D2B /* Preview Content */ = {
			isa = PBXGroup;
			children = (
				CF25215329A69DCB00D75D2B /* Preview Assets.xcassets */,
			);
			path = "Preview Content";
			sourceTree = "<group>";
		};
		CF25215A29AD279C00D75D2B /* Views */ = {
			isa = PBXGroup;
			children = (
				CF25214E29A69DC900D75D2B /* ContentView.swift */,
				E267507629B113C4002776E7 /* Reminders */,
				CF25215E29AD27F800D75D2B /* WeatherView.swift */,
				CF25216429AD282A00D75D2B /* AlarmView.swift */,
				CF25216829AD2AF800D75D2B /* ConfigView.swift */,
				CF25216629AD283600D75D2B /* SettingsView.swift */,
				E267507829B6743D002776E7 /* CustomTabBar.swift */,
				CF25217029B8FE9600D75D2B /* MorningSetupView.swift */,
				CF25217229B9782800D75D2B /* MorningSetupAdd.swift */,
			);
			path = Views;
			sourceTree = "<group>";
		};
		CF25215B29AD27B100D75D2B /* Model */ = {
			isa = PBXGroup;
			children = (
				CF25216C29B8F78C00D75D2B /* ReminderClasses.swift */,
				CF25216E29B8FD0800D75D2B /* Enum.swift */,
				CF25217429BA30E400D75D2B /* EditMode.swift */,
			);
			path = Model;
			sourceTree = "<group>";
		};
		E267507629B113C4002776E7 /* Reminders */ = {
			isa = PBXGroup;
			children = (
				CF25215C29AD27E900D75D2B /* HomeView.swift */,
				CF25216229AD281900D75D2B /* CalendarView.swift */,
				CF25216A29B1161A00D75D2B /* WeeklyView.swift */,
			);
			path = Reminders;
			sourceTree = "<group>";
		};
		E267507A29B675D0002776E7 /* Fonts */ = {
			isa = PBXGroup;
			children = (
				E267507B29B675DF002776E7 /* Fonts.swift */,
			);
			name = Fonts;
			path = Model/Kuai/Model/Fonts;
			sourceTree = "<group>";
		};
/* End PBXGroup section */

/* Begin PBXNativeTarget section */
		CF25214829A69DC900D75D2B /* Kuai */ = {
			isa = PBXNativeTarget;
			buildConfigurationList = CF25215729A69DCB00D75D2B /* Build configuration list for PBXNativeTarget "Kuai" */;
			buildPhases = (
				CF25214529A69DC900D75D2B /* Sources */,
				CF25214629A69DC900D75D2B /* Frameworks */,
				CF25214729A69DC900D75D2B /* Resources */,
			);
			buildRules = (
			);
			dependencies = (
			);
			name = Kuai;
			productName = Kuai;
			productReference = CF25214929A69DC900D75D2B /* Kuai.app */;
			productType = "com.apple.product-type.application";
		};
/* End PBXNativeTarget section */

/* Begin PBXProject section */
		CF25214129A69DC900D75D2B /* Project object */ = {
			isa = PBXProject;
			attributes = {
				BuildIndependentTargetsInParallel = 1;
				LastSwiftUpdateCheck = 1420;
				LastUpgradeCheck = 1420;
				TargetAttributes = {
					CF25214829A69DC900D75D2B = {
						CreatedOnToolsVersion = 14.2;
					};
				};
			};
			buildConfigurationList = CF25214429A69DC900D75D2B /* Build configuration list for PBXProject "Kuai" */;
			compatibilityVersion = "Xcode 13.0";
			developmentRegion = en;
			hasScannedForEncodings = 0;
			knownRegions = (
				en,
				Base,
			);
			mainGroup = CF25214029A69DC900D75D2B;
			productRefGroup = CF25214A29A69DC900D75D2B /* Products */;
			projectDirPath = "";
			projectRoot = "";
			targets = (
				CF25214829A69DC900D75D2B /* Kuai */,
			);
		};
/* End PBXProject section */

/* Begin PBXResourcesBuildPhase section */
		CF25214729A69DC900D75D2B /* Resources */ = {
			isa = PBXResourcesBuildPhase;
			buildActionMask = 2147483647;
			files = (
				CF25215429A69DCB00D75D2B /* Preview Assets.xcassets in Resources */,
				CF25215129A69DCB00D75D2B /* Assets.xcassets in Resources */,
			);
			runOnlyForDeploymentPostprocessing = 0;
		};
/* End PBXResourcesBuildPhase section */

/* Begin PBXSourcesBuildPhase section */
		CF25214529A69DC900D75D2B /* Sources */ = {
			isa = PBXSourcesBuildPhase;
			buildActionMask = 2147483647;
			files = (
				CF25217129B8FE9600D75D2B /* MorningSetupView.swift in Sources */,
				CF25215D29AD27E900D75D2B /* HomeView.swift in Sources */,
				CF25216729AD283600D75D2B /* SettingsView.swift in Sources */,
				CF25214F29A69DC900D75D2B /* ContentView.swift in Sources */,
				CF25217529BA30E400D75D2B /* EditMode.swift in Sources */,
				E267507929B6743D002776E7 /* CustomTabBar.swift in Sources */,
				CF25216F29B8FD0800D75D2B /* Enum.swift in Sources */,
				E267507C29B675DF002776E7 /* Fonts.swift in Sources */,
				CF25216929AD2AF800D75D2B /* ConfigView.swift in Sources */,
				CF25216329AD281900D75D2B /* CalendarView.swift in Sources */,
				CF25214D29A69DC900D75D2B /* KuaiApp.swift in Sources */,
				CF25216B29B1161A00D75D2B /* WeeklyView.swift in Sources */,
				CF25217329B9782800D75D2B /* MorningSetupAdd.swift in Sources */,
				CF25216D29B8F78C00D75D2B /* ReminderClasses.swift in Sources */,
				CF25216529AD282A00D75D2B /* AlarmView.swift in Sources */,
				CF25215F29AD27F800D75D2B /* WeatherView.swift in Sources */,
			);
			runOnlyForDeploymentPostprocessing = 0;
		};
/* End PBXSourcesBuildPhase section */

/* Begin XCBuildConfiguration section */
		CF25215529A69DCB00D75D2B /* Debug */ = {
			isa = XCBuildConfiguration;
			buildSettings = {
				ALWAYS_SEARCH_USER_PATHS = NO;
				CLANG_ANALYZER_NONNULL = YES;
				CLANG_ANALYZER_NUMBER_OBJECT_CONVERSION = YES_AGGRESSIVE;
				CLANG_CXX_LANGUAGE_STANDARD = "gnu++20";
				CLANG_ENABLE_MODULES = YES;
				CLANG_ENABLE_OBJC_ARC = YES;
				CLANG_ENABLE_OBJC_WEAK = YES;
				CLANG_WARN_BLOCK_CAPTURE_AUTORELEASING = YES;
				CLANG_WARN_BOOL_CONVERSION = YES;
				CLANG_WARN_COMMA = YES;
				CLANG_WARN_CONSTANT_CONVERSION = YES;
				CLANG_WARN_DEPRECATED_OBJC_IMPLEMENTATIONS = YES;
				CLANG_WARN_DIRECT_OBJC_ISA_USAGE = YES_ERROR;
				CLANG_WARN_DOCUMENTATION_COMMENTS = YES;
				CLANG_WARN_EMPTY_BODY = YES;
				CLANG_WARN_ENUM_CONVERSION = YES;
				CLANG_WARN_INFINITE_RECURSION = YES;
				CLANG_WARN_INT_CONVERSION = YES;
				CLANG_WARN_NON_LITERAL_NULL_CONVERSION = YES;
				CLANG_WARN_OBJC_IMPLICIT_RETAIN_SELF = YES;
				CLANG_WARN_OBJC_LITERAL_CONVERSION = YES;
				CLANG_WARN_OBJC_ROOT_CLASS = YES_ERROR;
				CLANG_WARN_QUOTED_INCLUDE_IN_FRAMEWORK_HEADER = YES;
				CLANG_WARN_RANGE_LOOP_ANALYSIS = YES;
				CLANG_WARN_STRICT_PROTOTYPES = YES;
				CLANG_WARN_SUSPICIOUS_MOVE = YES;
				CLANG_WARN_UNGUARDED_AVAILABILITY = YES_AGGRESSIVE;
				CLANG_WARN_UNREACHABLE_CODE = YES;
				CLANG_WARN__DUPLICATE_METHOD_MATCH = YES;
				COPY_PHASE_STRIP = NO;
				DEBUG_INFORMATION_FORMAT = dwarf;
				ENABLE_STRICT_OBJC_MSGSEND = YES;
				ENABLE_TESTABILITY = YES;
				GCC_C_LANGUAGE_STANDARD = gnu11;
				GCC_DYNAMIC_NO_PIC = NO;
				GCC_NO_COMMON_BLOCKS = YES;
				GCC_OPTIMIZATION_LEVEL = 0;
				GCC_PREPROCESSOR_DEFINITIONS = (
					"DEBUG=1",
					"$(inherited)",
				);
				GCC_WARN_64_TO_32_BIT_CONVERSION = YES;
				GCC_WARN_ABOUT_RETURN_TYPE = YES_ERROR;
				GCC_WARN_UNDECLARED_SELECTOR = YES;
				GCC_WARN_UNINITIALIZED_AUTOS = YES_AGGRESSIVE;
				GCC_WARN_UNUSED_FUNCTION = YES;
				GCC_WARN_UNUSED_VARIABLE = YES;
				IPHONEOS_DEPLOYMENT_TARGET = 16.2;
				MTL_ENABLE_DEBUG_INFO = INCLUDE_SOURCE;
				MTL_FAST_MATH = YES;
				ONLY_ACTIVE_ARCH = YES;
				SDKROOT = iphoneos;
				SWIFT_ACTIVE_COMPILATION_CONDITIONS = DEBUG;
				SWIFT_OPTIMIZATION_LEVEL = "-Onone";
			};
			name = Debug;
		};
		CF25215629A69DCB00D75D2B /* Release */ = {
			isa = XCBuildConfiguration;
			buildSettings = {
				ALWAYS_SEARCH_USER_PATHS = NO;
				CLANG_ANALYZER_NONNULL = YES;
				CLANG_ANALYZER_NUMBER_OBJECT_CONVERSION = YES_AGGRESSIVE;
				CLANG_CXX_LANGUAGE_STANDARD = "gnu++20";
				CLANG_ENABLE_MODULES = YES;
				CLANG_ENABLE_OBJC_ARC = YES;
				CLANG_ENABLE_OBJC_WEAK = YES;
				CLANG_WARN_BLOCK_CAPTURE_AUTORELEASING = YES;
				CLANG_WARN_BOOL_CONVERSION = YES;
				CLANG_WARN_COMMA = YES;
				CLANG_WARN_CONSTANT_CONVERSION = YES;
				CLANG_WARN_DEPRECATED_OBJC_IMPLEMENTATIONS = YES;
				CLANG_WARN_DIRECT_OBJC_ISA_USAGE = YES_ERROR;
				CLANG_WARN_DOCUMENTATION_COMMENTS = YES;
				CLANG_WARN_EMPTY_BODY = YES;
				CLANG_WARN_ENUM_CONVERSION = YES;
				CLANG_WARN_INFINITE_RECURSION = YES;
				CLANG_WARN_INT_CONVERSION = YES;
				CLANG_WARN_NON_LITERAL_NULL_CONVERSION = YES;
				CLANG_WARN_OBJC_IMPLICIT_RETAIN_SELF = YES;
				CLANG_WARN_OBJC_LITERAL_CONVERSION = YES;
				CLANG_WARN_OBJC_ROOT_CLASS = YES_ERROR;
				CLANG_WARN_QUOTED_INCLUDE_IN_FRAMEWORK_HEADER = YES;
				CLANG_WARN_RANGE_LOOP_ANALYSIS = YES;
				CLANG_WARN_STRICT_PROTOTYPES = YES;
				CLANG_WARN_SUSPICIOUS_MOVE = YES;
				CLANG_WARN_UNGUARDED_AVAILABILITY = YES_AGGRESSIVE;
				CLANG_WARN_UNREACHABLE_CODE = YES;
				CLANG_WARN__DUPLICATE_METHOD_MATCH = YES;
				COPY_PHASE_STRIP = NO;
				DEBUG_INFORMATION_FORMAT = "dwarf-with-dsym";
				ENABLE_NS_ASSERTIONS = NO;
				ENABLE_STRICT_OBJC_MSGSEND = YES;
				GCC_C_LANGUAGE_STANDARD = gnu11;
				GCC_NO_COMMON_BLOCKS = YES;
				GCC_WARN_64_TO_32_BIT_CONVERSION = YES;
				GCC_WARN_ABOUT_RETURN_TYPE = YES_ERROR;
				GCC_WARN_UNDECLARED_SELECTOR = YES;
				GCC_WARN_UNINITIALIZED_AUTOS = YES_AGGRESSIVE;
				GCC_WARN_UNUSED_FUNCTION = YES;
				GCC_WARN_UNUSED_VARIABLE = YES;
				IPHONEOS_DEPLOYMENT_TARGET = 16.2;
				MTL_ENABLE_DEBUG_INFO = NO;
				MTL_FAST_MATH = YES;
				SDKROOT = iphoneos;
				SWIFT_COMPILATION_MODE = wholemodule;
				SWIFT_OPTIMIZATION_LEVEL = "-O";
				VALIDATE_PRODUCT = YES;
			};
			name = Release;
		};
		CF25215829A69DCB00D75D2B /* Debug */ = {
			isa = XCBuildConfiguration;
			buildSettings = {
				ASSETCATALOG_COMPILER_APPICON_NAME = AppIcon;
				ASSETCATALOG_COMPILER_GLOBAL_ACCENT_COLOR_NAME = AccentColor;
				CODE_SIGN_STYLE = Automatic;
				CURRENT_PROJECT_VERSION = 1;
				DEVELOPMENT_ASSET_PATHS = "\"Kuai/Preview Content\"";
				ENABLE_PREVIEWS = YES;
				GENERATE_INFOPLIST_FILE = YES;
				INFOPLIST_KEY_UIApplicationSceneManifest_Generation = YES;
				INFOPLIST_KEY_UIApplicationSupportsIndirectInputEvents = YES;
				INFOPLIST_KEY_UILaunchScreen_Generation = YES;
				INFOPLIST_KEY_UISupportedInterfaceOrientations_iPad = "UIInterfaceOrientationPortrait UIInterfaceOrientationPortraitUpsideDown UIInterfaceOrientationLandscapeLeft UIInterfaceOrientationLandscapeRight";
				INFOPLIST_KEY_UISupportedInterfaceOrientations_iPhone = "UIInterfaceOrientationPortrait UIInterfaceOrientationLandscapeLeft UIInterfaceOrientationLandscapeRight";
				IPHONEOS_DEPLOYMENT_TARGET = 15.5;
				LD_RUNPATH_SEARCH_PATHS = (
					"$(inherited)",
					"@executable_path/Frameworks",
				);
				MARKETING_VERSION = 1.0;
				PRODUCT_BUNDLE_IDENTIFIER = "The-IRS.Kuai";
				PRODUCT_NAME = "$(TARGET_NAME)";
				SWIFT_EMIT_LOC_STRINGS = YES;
				SWIFT_VERSION = 5.0;
				TARGETED_DEVICE_FAMILY = "1,2";
			};
			name = Debug;
		};
		CF25215929A69DCB00D75D2B /* Release */ = {
			isa = XCBuildConfiguration;
			buildSettings = {
				ASSETCATALOG_COMPILER_APPICON_NAME = AppIcon;
				ASSETCATALOG_COMPILER_GLOBAL_ACCENT_COLOR_NAME = AccentColor;
				CODE_SIGN_STYLE = Automatic;
				CURRENT_PROJECT_VERSION = 1;
				DEVELOPMENT_ASSET_PATHS = "\"Kuai/Preview Content\"";
				ENABLE_PREVIEWS = YES;
				GENERATE_INFOPLIST_FILE = YES;
				INFOPLIST_KEY_UIApplicationSceneManifest_Generation = YES;
				INFOPLIST_KEY_UIApplicationSupportsIndirectInputEvents = YES;
				INFOPLIST_KEY_UILaunchScreen_Generation = YES;
				INFOPLIST_KEY_UISupportedInterfaceOrientations_iPad = "UIInterfaceOrientationPortrait UIInterfaceOrientationPortraitUpsideDown UIInterfaceOrientationLandscapeLeft UIInterfaceOrientationLandscapeRight";
				INFOPLIST_KEY_UISupportedInterfaceOrientations_iPhone = "UIInterfaceOrientationPortrait UIInterfaceOrientationLandscapeLeft UIInterfaceOrientationLandscapeRight";
				IPHONEOS_DEPLOYMENT_TARGET = 15.5;
				LD_RUNPATH_SEARCH_PATHS = (
					"$(inherited)",
					"@executable_path/Frameworks",
				);
				MARKETING_VERSION = 1.0;
				PRODUCT_BUNDLE_IDENTIFIER = "The-IRS.Kuai";
				PRODUCT_NAME = "$(TARGET_NAME)";
				SWIFT_EMIT_LOC_STRINGS = YES;
				SWIFT_VERSION = 5.0;
				TARGETED_DEVICE_FAMILY = "1,2";
			};
			name = Release;
		};
/* End XCBuildConfiguration section */

/* Begin XCConfigurationList section */
		CF25214429A69DC900D75D2B /* Build configuration list for PBXProject "Kuai" */ = {
			isa = XCConfigurationList;
			buildConfigurations = (
				CF25215529A69DCB00D75D2B /* Debug */,
				CF25215629A69DCB00D75D2B /* Release */,
			);
			defaultConfigurationIsVisible = 0;
			defaultConfigurationName = Release;
		};
		CF25215729A69DCB00D75D2B /* Build configuration list for PBXNativeTarget "Kuai" */ = {
			isa = XCConfigurationList;
			buildConfigurations = (
				CF25215829A69DCB00D75D2B /* Debug */,
				CF25215929A69DCB00D75D2B /* Release */,
			);
			defaultConfigurationIsVisible = 0;
			defaultConfigurationName = Release;
		};
/* End XCConfigurationList section */
	};
	rootObject = CF25214129A69DC900D75D2B /* Project object */;
}
